
Microsoft Visual Studio Solution File, Format Version 12.00
# Visual Studio 15
VisualStudioVersion = 15.0.26124.0
MinimumVisualStudioVersion = 15.0.26124.0
Project("{FAE04EC0-301F-11D3-BF4B-00C04F79EFBC}") = "TrocaArquivo.RPC", "TrocaArquivo.RPC\TrocaArquivo.RPC.csproj", "{FD59B460-6F07-4BC5-8CDE-EB2F8FC288B8}"
EndProject
Project("{FAE04EC0-301F-11D3-BF4B-00C04F79EFBC}") = "dotSpace", "dotSpace\dotSpace.csproj", "{00900B92-BF6E-4E83-9A2A-95A82D08D687}"
EndProject
Project("{FAE04EC0-301F-11D3-BF4B-00C04F79EFBC}") = "TrocaArquivo.TupleSpace", "TrocaArquivo.TupleSpace\TrocaArquivo.TupleSpace.csproj", "{3017C3D0-3C50-40FE-B461-567DE8DF9EFA}"
EndProject
Project("{FAE04EC0-301F-11D3-BF4B-00C04F79EFBC}") = "TrocaArquivo.GUI", "TrocaArquivo.GUI\TrocaArquivo.GUI.csproj", "{C88CAB2F-D3A0-41AB-A54E-C4D314BCD444}"
EndProject
Project("{FAE04EC0-301F-11D3-BF4B-00C04F79EFBC}") = "TrocaArquivo.Comunicacao", "TrocaArquivo.Comunicacao\TrocaArquivo.Comunicacao.csproj", "{CE9D5F3D-4C57-44DF-ABEA-A1D0E85A35B0}"
EndProject
Project("{FAE04EC0-301F-11D3-BF4B-00C04F79EFBC}") = "TrocaArquivo.Classes", "TrocaArquivo.Classes\TrocaArquivo.Classes.csproj", "{44768E61-D532-4D21-B7CE-AEF7E5076D90}"
EndProject
Global
	GlobalSection(SolutionConfigurationPlatforms) = preSolution
		Debug|Any CPU = Debug|Any CPU
		Debug|x64 = Debug|x64
		Debug|x86 = Debug|x86
		Release|Any CPU = Release|Any CPU
		Release|x64 = Release|x64
		Release|x86 = Release|x86
	EndGlobalSection
	GlobalSection(SolutionProperties) = preSolution
		HideSolutionNode = FALSE
	EndGlobalSection
	GlobalSection(ProjectConfigurationPlatforms) = postSolution
		{FD59B460-6F07-4BC5-8CDE-EB2F8FC288B8}.Debug|Any CPU.ActiveCfg = Debug|Any CPU
		{FD59B460-6F07-4BC5-8CDE-EB2F8FC288B8}.Debug|Any CPU.Build.0 = Debug|Any CPU
		{FD59B460-6F07-4BC5-8CDE-EB2F8FC288B8}.Debug|x64.ActiveCfg = Debug|Any CPU
		{FD59B460-6F07-4BC5-8CDE-EB2F8FC288B8}.Debug|x64.Build.0 = Debug|Any CPU
		{FD59B460-6F07-4BC5-8CDE-EB2F8FC288B8}.Debug|x86.ActiveCfg = Debug|Any CPU
		{FD59B460-6F07-4BC5-8CDE-EB2F8FC288B8}.Debug|x86.Build.0 = Debug|Any CPU
		{FD59B460-6F07-4BC5-8CDE-EB2F8FC288B8}.Release|Any CPU.ActiveCfg = Release|Any CPU
		{FD59B460-6F07-4BC5-8CDE-EB2F8FC288B8}.Release|Any CPU.Build.0 = Release|Any CPU
		{FD59B460-6F07-4BC5-8CDE-EB2F8FC288B8}.Release|x64.ActiveCfg = Release|Any CPU
		{FD59B460-6F07-4BC5-8CDE-EB2F8FC288B8}.Release|x64.Build.0 = Release|Any CPU
		{FD59B460-6F07-4BC5-8CDE-EB2F8FC288B8}.Release|x86.ActiveCfg = Release|Any CPU
		{FD59B460-6F07-4BC5-8CDE-EB2F8FC288B8}.Release|x86.Build.0 = Release|Any CPU
		{00900B92-BF6E-4E83-9A2A-95A82D08D687}.Debug|Any CPU.ActiveCfg = Debug|Any CPU
		{00900B92-BF6E-4E83-9A2A-95A82D08D687}.Debug|Any CPU.Build.0 = Debug|Any CPU
		{00900B92-BF6E-4E83-9A2A-95A82D08D687}.Debug|x64.ActiveCfg = Debug|Any CPU
		{00900B92-BF6E-4E83-9A2A-95A82D08D687}.Debug|x64.Build.0 = Debug|Any CPU
		{00900B92-BF6E-4E83-9A2A-95A82D08D687}.Debug|x86.ActiveCfg = Debug|Any CPU
		{00900B92-BF6E-4E83-9A2A-95A82D08D687}.Debug|x86.Build.0 = Debug|Any CPU
		{00900B92-BF6E-4E83-9A2A-95A82D08D687}.Release|Any CPU.ActiveCfg = Release|Any CPU
		{00900B92-BF6E-4E83-9A2A-95A82D08D687}.Release|Any CPU.Build.0 = Release|Any CPU
		{00900B92-BF6E-4E83-9A2A-95A82D08D687}.Release|x64.ActiveCfg = Release|Any CPU
		{00900B92-BF6E-4E83-9A2A-95A82D08D687}.Release|x64.Build.0 = Release|Any CPU
		{00900B92-BF6E-4E83-9A2A-95A82D08D687}.Release|x86.ActiveCfg = Release|Any CPU
		{00900B92-BF6E-4E83-9A2A-95A82D08D687}.Release|x86.Build.0 = Release|Any CPU
		{3017C3D0-3C50-40FE-B461-567DE8DF9EFA}.Debug|Any CPU.ActiveCfg = Debug|Any CPU
		{3017C3D0-3C50-40FE-B461-567DE8DF9EFA}.Debug|Any CPU.Build.0 = Debug|Any CPU
		{3017C3D0-3C50-40FE-B461-567DE8DF9EFA}.Debug|x64.ActiveCfg = Debug|Any CPU
		{3017C3D0-3C50-40FE-B461-567DE8DF9EFA}.Debug|x64.Build.0 = Debug|Any CPU
		{3017C3D0-3C50-40FE-B461-567DE8DF9EFA}.Debug|x86.ActiveCfg = Debug|Any CPU
		{3017C3D0-3C50-40FE-B461-567DE8DF9EFA}.Debug|x86.Build.0 = Debug|Any CPU
		{3017C3D0-3C50-40FE-B461-567DE8DF9EFA}.Release|Any CPU.ActiveCfg = Release|Any CPU
		{3017C3D0-3C50-40FE-B461-567DE8DF9EFA}.Release|Any CPU.Build.0 = Release|Any CPU
		{3017C3D0-3C50-40FE-B461-567DE8DF9EFA}.Release|x64.ActiveCfg = Release|Any CPU
		{3017C3D0-3C50-40FE-B461-567DE8DF9EFA}.Release|x64.Build.0 = Release|Any CPU
		{3017C3D0-3C50-40FE-B461-567DE8DF9EFA}.Release|x86.ActiveCfg = Release|Any CPU
		{3017C3D0-3C50-40FE-B461-567DE8DF9EFA}.Release|x86.Build.0 = Release|Any CPU
		{C88CAB2F-D3A0-41AB-A54E-C4D314BCD444}.Debug|Any CPU.ActiveCfg = Debug|Any CPU
		{C88CAB2F-D3A0-41AB-A54E-C4D314BCD444}.Debug|Any CPU.Build.0 = Debug|Any CPU
		{C88CAB2F-D3A0-41AB-A54E-C4D314BCD444}.Debug|x64.ActiveCfg = Debug|Any CPU
		{C88CAB2F-D3A0-41AB-A54E-C4D314BCD444}.Debug|x64.Build.0 = Debug|Any CPU
		{C88CAB2F-D3A0-41AB-A54E-C4D314BCD444}.Debug|x86.ActiveCfg = Debug|Any CPU
		{C88CAB2F-D3A0-41AB-A54E-C4D314BCD444}.Debug|x86.Build.0 = Debug|Any CPU
		{C88CAB2F-D3A0-41AB-A54E-C4D314BCD444}.Release|Any CPU.ActiveCfg = Release|Any CPU
		{C88CAB2F-D3A0-41AB-A54E-C4D314BCD444}.Release|Any CPU.Build.0 = Release|Any CPU
		{C88CAB2F-D3A0-41AB-A54E-C4D314BCD444}.Release|x64.ActiveCfg = Release|Any CPU
		{C88CAB2F-D3A0-41AB-A54E-C4D314BCD444}.Release|x64.Build.0 = Release|Any CPU
		{C88CAB2F-D3A0-41AB-A54E-C4D314BCD444}.Release|x86.ActiveCfg = Release|Any CPU
		{C88CAB2F-D3A0-41AB-A54E-C4D314BCD444}.Release|x86.Build.0 = Release|Any CPU
		{CE9D5F3D-4C57-44DF-ABEA-A1D0E85A35B0}.Debug|Any CPU.ActiveCfg = Debug|Any CPU
		{CE9D5F3D-4C57-44DF-ABEA-A1D0E85A35B0}.Debug|Any CPU.Build.0 = Debug|Any CPU
		{CE9D5F3D-4C57-44DF-ABEA-A1D0E85A35B0}.Debug|x64.ActiveCfg = Debug|Any CPU
		{CE9D5F3D-4C57-44DF-ABEA-A1D0E85A35B0}.Debug|x64.Build.0 = Debug|Any CPU
		{CE9D5F3D-4C57-44DF-ABEA-A1D0E85A35B0}.Debug|x86.ActiveCfg = Debug|Any CPU
		{CE9D5F3D-4C57-44DF-ABEA-A1D0E85A35B0}.Debug|x86.Build.0 = Debug|Any CPU
		{CE9D5F3D-4C57-44DF-ABEA-A1D0E85A35B0}.Release|Any CPU.ActiveCfg = Release|Any CPU
		{CE9D5F3D-4C57-44DF-ABEA-A1D0E85A35B0}.Release|Any CPU.Build.0 = Release|Any CPU
		{CE9D5F3D-4C57-44DF-ABEA-A1D0E85A35B0}.Release|x64.ActiveCfg = Release|Any CPU
		{CE9D5F3D-4C57-44DF-ABEA-A1D0E85A35B0}.Release|x64.Build.0 = Release|Any CPU
		{CE9D5F3D-4C57-44DF-ABEA-A1D0E85A35B0}.Release|x86.ActiveCfg = Release|Any CPU
		{CE9D5F3D-4C57-44DF-ABEA-A1D0E85A35B0}.Release|x86.Build.0 = Release|Any CPU
		{44768E61-D532-4D21-B7CE-AEF7E5076D90}.Debug|Any CPU.ActiveCfg = Debug|Any CPU
		{44768E61-D532-4D21-B7CE-AEF7E5076D90}.Debug|Any CPU.Build.0 = Debug|Any CPU
		{44768E61-D532-4D21-B7CE-AEF7E5076D90}.Debug|x64.ActiveCfg = Debug|Any CPU
		{44768E61-D532-4D21-B7CE-AEF7E5076D90}.Debug|x64.Build.0 = Debug|Any CPU
		{44768E61-D532-4D21-B7CE-AEF7E5076D90}.Debug|x86.ActiveCfg = Debug|Any CPU
		{44768E61-D532-4D21-B7CE-AEF7E5076D90}.Debug|x86.Build.0 = Debug|Any CPU
		{44768E61-D532-4D21-B7CE-AEF7E5076D90}.Release|Any CPU.ActiveCfg = Release|Any CPU
		{44768E61-D532-4D21-B7CE-AEF7E5076D90}.Release|Any CPU.Build.0 = Release|Any CPU
		{44768E61-D532-4D21-B7CE-AEF7E5076D90}.Release|x64.ActiveCfg = Release|Any CPU
		{44768E61-D532-4D21-B7CE-AEF7E5076D90}.Release|x64.Build.0 = Release|Any CPU
		{44768E61-D532-4D21-B7CE-AEF7E5076D90}.Release|x86.ActiveCfg = Release|Any CPU
		{44768E61-D532-4D21-B7CE-AEF7E5076D90}.Release|x86.Build.0 = Release|Any CPU
	EndGlobalSection
EndGlobal
